lockfileVersion: '6.0'

settings:
  autoInstallPeers: true
  excludeLinksFromLockfile: false

dependencies:
  ant-design-vue:
    specifier: ^4.1.2
    version: 4.1.2(vue@3.4.21)
  vue:
    specifier: ^3.4.21
    version: 3.4.21(typescript@5.4.3)
  vue-router:
    specifier: ^4.3.0
    version: 4.3.0(vue@3.4.21)
  vue-socket.io:
    specifier: ^3.0.10
    version: 3.0.10
  webrtc-adapter:
    specifier: ^9.0.0
    version: 9.0.0

devDependencies:
  '@vitejs/plugin-vue':
    specifier: ^5.0.4
    version: 5.0.4(vite@5.2.6)(vue@3.4.21)
  sass:
    specifier: ^1.72.0
    version: 1.72.0
  typescript:
    specifier: ^5.2.2
    version: 5.4.3
  vite:
    specifier: ^5.2.0
    version: 5.2.6(sass@1.72.0)
  vue-tsc:
    specifier: ^2.0.6
    version: 2.0.7(typescript@5.4.3)

packages:

  /@ant-design/colors@6.0.0:
    resolution: {integrity: sha512-qAZRvPzfdWHtfameEGP2Qvuf838NhergR35o+EuVyB5XvSA98xod5r4utvi4TJ3ywmevm290g9nsCG5MryrdWQ==}
    dependencies:
      '@ctrl/tinycolor': 3.6.1
    dev: false

  /@ant-design/icons-svg@4.4.2:
    resolution: {integrity: sha512-vHbT+zJEVzllwP+CM+ul7reTEfBR0vgxFe7+lREAsAA7YGsYpboiq2sQNeQeRvh09GfQgs/GyFEvZpJ9cLXpXA==}
    dev: false

  /@ant-design/icons-vue@7.0.1(vue@3.4.21):
    resolution: {integrity: sha512-eCqY2unfZK6Fe02AwFlDHLfoyEFreP6rBwAZMIJ1LugmfMiVgwWDYlp1YsRugaPtICYOabV1iWxXdP12u9U43Q==}
    peerDependencies:
      vue: '>=3.0.3'
    dependencies:
      '@ant-design/colors': 6.0.0
      '@ant-design/icons-svg': 4.4.2
      vue: 3.4.21(typescript@5.4.3)
    dev: false

  /@babel/helper-string-parser@7.24.1:
    resolution: {integrity: sha512-2ofRCjnnA9y+wk8b9IAREroeUP02KHp431N2mhKniy2yKIDKpbrHv9eXwm8cBeWQYcJmzv5qKCu65P47eCF7CQ==}
    engines: {node: '>=6.9.0'}

  /@babel/helper-validator-identifier@7.22.20:
    resolution: {integrity: sha512-Y4OZ+ytlatR8AI+8KZfKuL5urKp7qey08ha31L8b3BwewJAoJamTzyvxPR/5D+KkdJCGPq/+8TukHBlY10FX9A==}
    engines: {node: '>=6.9.0'}

  /@babel/parser@7.24.1:
    resolution: {integrity: sha512-Zo9c7N3xdOIQrNip7Lc9wvRPzlRtovHVE4lkz8WEDr7uYh/GMQhSiIgFxGIArRHYdJE5kxtZjAf8rT0xhdLCzg==}
    engines: {node: '>=6.0.0'}
    hasBin: true
    dependencies:
      '@babel/types': 7.24.0

  /@babel/runtime@7.24.1:
    resolution: {integrity: sha512-+BIznRzyqBf+2wCTxcKE3wDjfGeCoVE61KSHGpkzqrLi8qxqFwBeUFyId2cxkTmm55fzDGnm0+yCxaxygrLUnQ==}
    engines: {node: '>=6.9.0'}
    dependencies:
      regenerator-runtime: 0.14.1
    dev: false

  /@babel/types@7.24.0:
    resolution: {integrity: sha512-+j7a5c253RfKh8iABBhywc8NSfP5LURe7Uh4qpsh6jc+aLJguvmIUBdjSdEMQv2bENrCR5MfRdjGo7vzS/ob7w==}
    engines: {node: '>=6.9.0'}
    dependencies:
      '@babel/helper-string-parser': 7.24.1
      '@babel/helper-validator-identifier': 7.22.20
      to-fast-properties: 2.0.0

  /@ctrl/tinycolor@3.6.1:
    resolution: {integrity: sha512-SITSV6aIXsuVNV3f3O0f2n/cgyEDWoSqtZMYiAmcsYHydcKrOz3gUxB/iXd/Qf08+IZX4KpgNbvUdMBmWz+kcA==}
    engines: {node: '>=10'}
    dev: false

  /@emotion/hash@0.9.1:
    resolution: {integrity: sha512-gJB6HLm5rYwSLI6PQa+X1t5CFGrv1J1TWG+sOyMCeKz2ojaj6Fnl/rZEspogG+cvqbt4AE/2eIyD2QfLKTBNlQ==}
    dev: false

  /@emotion/unitless@0.8.1:
    resolution: {integrity: sha512-KOEGMu6dmJZtpadb476IsZBclKvILjopjUii3V+7MnXIQCYh8W3NgNcgwo21n9LXZX6EDIKvqfjYxXebDwxKmQ==}
    dev: false

  /@esbuild/aix-ppc64@0.20.2:
    resolution: {integrity: sha512-D+EBOJHXdNZcLJRBkhENNG8Wji2kgc9AZ9KiPr1JuZjsNtyHzrsfLRrY0tk2H2aoFu6RANO1y1iPPUCDYWkb5g==}
    engines: {node: '>=12'}
    cpu: [ppc64]
    os: [aix]
    requiresBuild: true
    dev: true
    optional: true

  /@esbuild/android-arm64@0.20.2:
    resolution: {integrity: sha512-mRzjLacRtl/tWU0SvD8lUEwb61yP9cqQo6noDZP/O8VkwafSYwZ4yWy24kan8jE/IMERpYncRt2dw438LP3Xmg==}
    engines: {node: '>=12'}
    cpu: [arm64]
    os: [android]
    requiresBuild: true
    dev: true
    optional: true

  /@esbuild/android-arm@0.20.2:
    resolution: {integrity: sha512-t98Ra6pw2VaDhqNWO2Oph2LXbz/EJcnLmKLGBJwEwXX/JAN83Fym1rU8l0JUWK6HkIbWONCSSatf4sf2NBRx/w==}
    engines: {node: '>=12'}
    cpu: [arm]
    os: [android]
    requiresBuild: true
    dev: true
    optional: true

  /@esbuild/android-x64@0.20.2:
    resolution: {integrity: sha512-btzExgV+/lMGDDa194CcUQm53ncxzeBrWJcncOBxuC6ndBkKxnHdFJn86mCIgTELsooUmwUm9FkhSp5HYu00Rg==}
    engines: {node: '>=12'}
    cpu: [x64]
    os: [android]
    requiresBuild: true
    dev: true
    optional: true

  /@esbuild/darwin-arm64@0.20.2:
    resolution: {integrity: sha512-4J6IRT+10J3aJH3l1yzEg9y3wkTDgDk7TSDFX+wKFiWjqWp/iCfLIYzGyasx9l0SAFPT1HwSCR+0w/h1ES/MjA==}
    engines: {node: '>=12'}
    cpu: [arm64]
    os: [darwin]
    requiresBuild: true
    dev: true
    optional: true

  /@esbuild/darwin-x64@0.20.2:
    resolution: {integrity: sha512-tBcXp9KNphnNH0dfhv8KYkZhjc+H3XBkF5DKtswJblV7KlT9EI2+jeA8DgBjp908WEuYll6pF+UStUCfEpdysA==}
    engines: {node: '>=12'}
    cpu: [x64]
    os: [darwin]
    requiresBuild: true
    dev: true
    optional: true

  /@esbuild/freebsd-arm64@0.20.2:
    resolution: {integrity: sha512-d3qI41G4SuLiCGCFGUrKsSeTXyWG6yem1KcGZVS+3FYlYhtNoNgYrWcvkOoaqMhwXSMrZRl69ArHsGJ9mYdbbw==}
    engines: {node: '>=12'}
    cpu: [arm64]
    os: [freebsd]
    requiresBuild: true
    dev: true
    optional: true

  /@esbuild/freebsd-x64@0.20.2:
    resolution: {integrity: sha512-d+DipyvHRuqEeM5zDivKV1KuXn9WeRX6vqSqIDgwIfPQtwMP4jaDsQsDncjTDDsExT4lR/91OLjRo8bmC1e+Cw==}
    engines: {node: '>=12'}
    cpu: [x64]
    os: [freebsd]
    requiresBuild: true
    dev: true
    optional: true

  /@esbuild/linux-arm64@0.20.2:
    resolution: {integrity: sha512-9pb6rBjGvTFNira2FLIWqDk/uaf42sSyLE8j1rnUpuzsODBq7FvpwHYZxQ/It/8b+QOS1RYfqgGFNLRI+qlq2A==}
    engines: {node: '>=12'}
    cpu: [arm64]
    os: [linux]
    requiresBuild: true
    dev: true
    optional: true

  /@esbuild/linux-arm@0.20.2:
    resolution: {integrity: sha512-VhLPeR8HTMPccbuWWcEUD1Az68TqaTYyj6nfE4QByZIQEQVWBB8vup8PpR7y1QHL3CpcF6xd5WVBU/+SBEvGTg==}
    engines: {node: '>=12'}
    cpu: [arm]
    os: [linux]
    requiresBuild: true
    dev: true
    optional: true

  /@esbuild/linux-ia32@0.20.2:
    resolution: {integrity: sha512-o10utieEkNPFDZFQm9CoP7Tvb33UutoJqg3qKf1PWVeeJhJw0Q347PxMvBgVVFgouYLGIhFYG0UGdBumROyiig==}
    engines: {node: '>=12'}
    cpu: [ia32]
    os: [linux]
    requiresBuild: true
    dev: true
    optional: true

  /@esbuild/linux-loong64@0.20.2:
    resolution: {integrity: sha512-PR7sp6R/UC4CFVomVINKJ80pMFlfDfMQMYynX7t1tNTeivQ6XdX5r2XovMmha/VjR1YN/HgHWsVcTRIMkymrgQ==}
    engines: {node: '>=12'}
    cpu: [loong64]
    os: [linux]
    requiresBuild: true
    dev: true
    optional: true

  /@esbuild/linux-mips64el@0.20.2:
    resolution: {integrity: sha512-4BlTqeutE/KnOiTG5Y6Sb/Hw6hsBOZapOVF6njAESHInhlQAghVVZL1ZpIctBOoTFbQyGW+LsVYZ8lSSB3wkjA==}
    engines: {node: '>=12'}
    cpu: [mips64el]
    os: [linux]
    requiresBuild: true
    dev: true
    optional: true

  /@esbuild/linux-ppc64@0.20.2:
    resolution: {integrity: sha512-rD3KsaDprDcfajSKdn25ooz5J5/fWBylaaXkuotBDGnMnDP1Uv5DLAN/45qfnf3JDYyJv/ytGHQaziHUdyzaAg==}
    engines: {node: '>=12'}
    cpu: [ppc64]
    os: [linux]
    requiresBuild: true
    dev: true
    optional: true

  /@esbuild/linux-riscv64@0.20.2:
    resolution: {integrity: sha512-snwmBKacKmwTMmhLlz/3aH1Q9T8v45bKYGE3j26TsaOVtjIag4wLfWSiZykXzXuE1kbCE+zJRmwp+ZbIHinnVg==}
    engines: {node: '>=12'}
    cpu: [riscv64]
    os: [linux]
    requiresBuild: true
    dev: true
    optional: true

  /@esbuild/linux-s390x@0.20.2:
    resolution: {integrity: sha512-wcWISOobRWNm3cezm5HOZcYz1sKoHLd8VL1dl309DiixxVFoFe/o8HnwuIwn6sXre88Nwj+VwZUvJf4AFxkyrQ==}
    engines: {node: '>=12'}
    cpu: [s390x]
    os: [linux]
    requiresBuild: true
    dev: true
    optional: true

  /@esbuild/linux-x64@0.20.2:
    resolution: {integrity: sha512-1MdwI6OOTsfQfek8sLwgyjOXAu+wKhLEoaOLTjbijk6E2WONYpH9ZU2mNtR+lZ2B4uwr+usqGuVfFT9tMtGvGw==}
    engines: {node: '>=12'}
    cpu: [x64]
    os: [linux]
    requiresBuild: true
    dev: true
    optional: true

  /@esbuild/netbsd-x64@0.20.2:
    resolution: {integrity: sha512-K8/DhBxcVQkzYc43yJXDSyjlFeHQJBiowJ0uVL6Tor3jGQfSGHNNJcWxNbOI8v5k82prYqzPuwkzHt3J1T1iZQ==}
    engines: {node: '>=12'}
    cpu: [x64]
    os: [netbsd]
    requiresBuild: true
    dev: true
    optional: true

  /@esbuild/openbsd-x64@0.20.2:
    resolution: {integrity: sha512-eMpKlV0SThJmmJgiVyN9jTPJ2VBPquf6Kt/nAoo6DgHAoN57K15ZghiHaMvqjCye/uU4X5u3YSMgVBI1h3vKrQ==}
    engines: {node: '>=12'}
    cpu: [x64]
    os: [openbsd]
    requiresBuild: true
    dev: true
    optional: true

  /@esbuild/sunos-x64@0.20.2:
    resolution: {integrity: sha512-2UyFtRC6cXLyejf/YEld4Hajo7UHILetzE1vsRcGL3earZEW77JxrFjH4Ez2qaTiEfMgAXxfAZCm1fvM/G/o8w==}
    engines: {node: '>=12'}
    cpu: [x64]
    os: [sunos]
    requiresBuild: true
    dev: true
    optional: true

  /@esbuild/win32-arm64@0.20.2:
    resolution: {integrity: sha512-GRibxoawM9ZCnDxnP3usoUDO9vUkpAxIIZ6GQI+IlVmr5kP3zUq+l17xELTHMWTWzjxa2guPNyrpq1GWmPvcGQ==}
    engines: {node: '>=12'}
    cpu: [arm64]
    os: [win32]
    requiresBuild: true
    dev: true
    optional: true

  /@esbuild/win32-ia32@0.20.2:
    resolution: {integrity: sha512-HfLOfn9YWmkSKRQqovpnITazdtquEW8/SoHW7pWpuEeguaZI4QnCRW6b+oZTztdBnZOS2hqJ6im/D5cPzBTTlQ==}
    engines: {node: '>=12'}
    cpu: [ia32]
    os: [win32]
    requiresBuild: true
    dev: true
    optional: true

  /@esbuild/win32-x64@0.20.2:
    resolution: {integrity: sha512-N49X4lJX27+l9jbLKSqZ6bKNjzQvHaT8IIFUy+YIqmXQdjYCToGWwOItDrfby14c78aDd5NHQl29xingXfCdLQ==}
    engines: {node: '>=12'}
    cpu: [x64]
    os: [win32]
    requiresBuild: true
    dev: true
    optional: true

  /@jridgewell/sourcemap-codec@1.4.15:
    resolution: {integrity: sha512-eF2rxCRulEKXHTRiDrDy6erMYWqNw4LPdQ8UQA4huuxaQsVeRPFl2oM8oDGxMFhJUWZf9McpLtJasDDZb/Bpeg==}

  /@rollup/rollup-android-arm-eabi@4.13.1:
    resolution: {integrity: sha512-4C4UERETjXpC4WpBXDbkgNVgHyWfG3B/NKY46e7w5H134UDOFqUJKpsLm0UYmuupW+aJmRgeScrDNfvZ5WV80A==}
    cpu: [arm]
    os: [android]
    requiresBuild: true
    dev: true
    optional: true

  /@rollup/rollup-android-arm64@4.13.1:
    resolution: {integrity: sha512-TrTaFJ9pXgfXEiJKQ3yQRelpQFqgRzVR9it8DbeRzG0RX7mKUy0bqhCFsgevwXLJepQKTnLl95TnPGf9T9AMOA==}
    cpu: [arm64]
    os: [android]
    requiresBuild: true
    dev: true
    optional: true

  /@rollup/rollup-darwin-arm64@4.13.1:
    resolution: {integrity: sha512-fz7jN6ahTI3cKzDO2otQuybts5cyu0feymg0bjvYCBrZQ8tSgE8pc0sSNEuGvifrQJWiwx9F05BowihmLxeQKw==}
    cpu: [arm64]
    os: [darwin]
    requiresBuild: true
    dev: true
    optional: true

  /@rollup/rollup-darwin-x64@4.13.1:
    resolution: {integrity: sha512-WTvdz7SLMlJpektdrnWRUN9C0N2qNHwNbWpNo0a3Tod3gb9leX+yrYdCeB7VV36OtoyiPAivl7/xZ3G1z5h20g==}
    cpu: [x64]
    os: [darwin]
    requiresBuild: true
    dev: true
    optional: true

  /@rollup/rollup-linux-arm-gnueabihf@4.13.1:
    resolution: {integrity: sha512-dBHQl+7wZzBYcIF6o4k2XkAfwP2ks1mYW2q/Gzv9n39uDcDiAGDqEyml08OdY0BIct0yLSPkDTqn4i6czpBLLw==}
    cpu: [arm]
    os: [linux]
    requiresBuild: true
    dev: true
    optional: true

  /@rollup/rollup-linux-arm64-gnu@4.13.1:
    resolution: {integrity: sha512-bur4JOxvYxfrAmocRJIW0SADs3QdEYK6TQ7dTNz6Z4/lySeu3Z1H/+tl0a4qDYv0bCdBpUYM0sYa/X+9ZqgfSQ==}
    cpu: [arm64]
    os: [linux]
    requiresBuild: true
    dev: true
    optional: true

  /@rollup/rollup-linux-arm64-musl@4.13.1:
    resolution: {integrity: sha512-ssp77SjcDIUSoUyj7DU7/5iwM4ZEluY+N8umtCT9nBRs3u045t0KkW02LTyHouHDomnMXaXSZcCSr2bdMK63kA==}
    cpu: [arm64]
    os: [linux]
    requiresBuild: true
    dev: true
    optional: true

  /@rollup/rollup-linux-riscv64-gnu@4.13.1:
    resolution: {integrity: sha512-Jv1DkIvwEPAb+v25/Unrnnq9BO3F5cbFPT821n3S5litkz+O5NuXuNhqtPx5KtcwOTtaqkTsO+IVzJOsxd11aQ==}
    cpu: [riscv64]
    os: [linux]
    requiresBuild: true
    dev: true
    optional: true

  /@rollup/rollup-linux-s390x-gnu@4.13.1:
    resolution: {integrity: sha512-U564BrhEfaNChdATQaEODtquCC7Ez+8Hxz1h5MAdMYj0AqD0GA9rHCpElajb/sQcaFL6NXmHc5O+7FXpWMa73Q==}
    cpu: [s390x]
    os: [linux]
    requiresBuild: true
    dev: true
    optional: true

  /@rollup/rollup-linux-x64-gnu@4.13.1:
    resolution: {integrity: sha512-zGRDulLTeDemR8DFYyFIQ8kMP02xpUsX4IBikc7lwL9PrwR3gWmX2NopqiGlI2ZVWMl15qZeUjumTwpv18N7sQ==}
    cpu: [x64]
    os: [linux]
    requiresBuild: true
    dev: true
    optional: true

  /@rollup/rollup-linux-x64-musl@4.13.1:
    resolution: {integrity: sha512-VTk/MveyPdMFkYJJPCkYBw07KcTkGU2hLEyqYMsU4NjiOfzoaDTW9PWGRsNwiOA3qI0k/JQPjkl/4FCK1smskQ==}
    cpu: [x64]
    os: [linux]
    requiresBuild: true
    dev: true
    optional: true

  /@rollup/rollup-win32-arm64-msvc@4.13.1:
    resolution: {integrity: sha512-L+hX8Dtibb02r/OYCsp4sQQIi3ldZkFI0EUkMTDwRfFykXBPptoz/tuuGqEd3bThBSLRWPR6wsixDSgOx/U3Zw==}
    cpu: [arm64]
    os: [win32]
    requiresBuild: true
    dev: true
    optional: true

  /@rollup/rollup-win32-ia32-msvc@4.13.1:
    resolution: {integrity: sha512-+dI2jVPfM5A8zme8riEoNC7UKk0Lzc7jCj/U89cQIrOjrZTCWZl/+IXUeRT2rEZ5j25lnSA9G9H1Ob9azaF/KQ==}
    cpu: [ia32]
    os: [win32]
    requiresBuild: true
    dev: true
    optional: true

  /@rollup/rollup-win32-x64-msvc@4.13.1:
    resolution: {integrity: sha512-YY1Exxo2viZ/O2dMHuwQvimJ0SqvL+OAWQLLY6rvXavgQKjhQUzn7nc1Dd29gjB5Fqi00nrBWctJBOyfVMIVxw==}
    cpu: [x64]
    os: [win32]
    requiresBuild: true
    dev: true
    optional: true

  /@simonwep/pickr@1.8.2:
    resolution: {integrity: sha512-/l5w8BIkrpP6n1xsetx9MWPWlU6OblN5YgZZphxan0Tq4BByTCETL6lyIeY8lagalS2Nbt4F2W034KHLIiunKA==}
    dependencies:
      core-js: 3.36.1
      nanopop: 2.4.2
    dev: false

  /@types/estree@1.0.5:
    resolution: {integrity: sha512-/kYRxGDLWzHOB7q+wtSUQlFrtcdUccpfy+X+9iMBpHK8QLLhx2wIPYuS5DYtR9Wa/YlZAbIovy7qVdB1Aq6Lyw==}
    dev: true

  /@vitejs/plugin-vue@5.0.4(vite@5.2.6)(vue@3.4.21):
    resolution: {integrity: sha512-WS3hevEszI6CEVEx28F8RjTX97k3KsrcY6kvTg7+Whm5y3oYvcqzVeGCU3hxSAn4uY2CLCkeokkGKpoctccilQ==}
    engines: {node: ^18.0.0 || >=20.0.0}
    peerDependencies:
      vite: ^5.0.0
      vue: ^3.2.25
    dependencies:
      vite: 5.2.6(sass@1.72.0)
      vue: 3.4.21(typescript@5.4.3)
    dev: true

  /@volar/language-core@2.1.6:
    resolution: {integrity: sha512-pAlMCGX/HatBSiDFMdMyqUshkbwWbLxpN/RL7HCQDOo2gYBE+uS+nanosLc1qR6pTQ/U8q00xt8bdrrAFPSC0A==}
    dependencies:
      '@volar/source-map': 2.1.6
    dev: true

  /@volar/source-map@2.1.6:
    resolution: {integrity: sha512-TeyH8pHHonRCHYI91J7fWUoxi0zWV8whZTVRlsWHSYfjm58Blalkf9LrZ+pj6OiverPTmrHRkBsG17ScQyWECw==}
    dependencies:
      muggle-string: 0.4.1
    dev: true

  /@volar/typescript@2.1.6:
    resolution: {integrity: sha512-JgPGhORHqXuyC3r6skPmPHIZj4LoMmGlYErFTuPNBq9Nhc9VTv7ctHY7A3jMN3ngKEfRrfnUcwXHztvdSQqNfw==}
    dependencies:
      '@volar/language-core': 2.1.6
      path-browserify: 1.0.1
    dev: true

  /@vue/compiler-core@3.4.21:
    resolution: {integrity: sha512-MjXawxZf2SbZszLPYxaFCjxfibYrzr3eYbKxwpLR9EQN+oaziSu3qKVbwBERj1IFIB8OLUewxB5m/BFzi613og==}
    dependencies:
      '@babel/parser': 7.24.1
      '@vue/shared': 3.4.21
      entities: 4.5.0
      estree-walker: 2.0.2
      source-map-js: 1.2.0

  /@vue/compiler-dom@3.4.21:
    resolution: {integrity: sha512-IZC6FKowtT1sl0CR5DpXSiEB5ayw75oT2bma1BEhV7RRR1+cfwLrxc2Z8Zq/RGFzJ8w5r9QtCOvTjQgdn0IKmA==}
    dependencies:
      '@vue/compiler-core': 3.4.21
      '@vue/shared': 3.4.21

  /@vue/compiler-sfc@3.4.21:
    resolution: {integrity: sha512-me7epoTxYlY+2CUM7hy9PCDdpMPfIwrOvAXud2Upk10g4YLv9UBW7kL798TvMeDhPthkZ0CONNrK2GoeI1ODiQ==}
    dependencies:
      '@babel/parser': 7.24.1
      '@vue/compiler-core': 3.4.21
      '@vue/compiler-dom': 3.4.21
      '@vue/compiler-ssr': 3.4.21
      '@vue/shared': 3.4.21
      estree-walker: 2.0.2
      magic-string: 0.30.8
      postcss: 8.4.38
      source-map-js: 1.2.0

  /@vue/compiler-ssr@3.4.21:
    resolution: {integrity: sha512-M5+9nI2lPpAsgXOGQobnIueVqc9sisBFexh5yMIMRAPYLa7+5wEJs8iqOZc1WAa9WQbx9GR2twgznU8LTIiZ4Q==}
    dependencies:
      '@vue/compiler-dom': 3.4.21
      '@vue/shared': 3.4.21

  /@vue/devtools-api@6.6.1:
    resolution: {integrity: sha512-LgPscpE3Vs0x96PzSSB4IGVSZXZBZHpfxs+ZA1d+VEPwHdOXowy/Y2CsvCAIFrf+ssVU1pD1jidj505EpUnfbA==}
    dev: false

  /@vue/language-core@2.0.7(typescript@5.4.3):
    resolution: {integrity: sha512-Vh1yZX3XmYjn9yYLkjU8DN6L0ceBtEcapqiyclHne8guG84IaTzqtvizZB1Yfxm3h6m7EIvjerLO5fvOZO6IIQ==}
    peerDependencies:
      typescript: '*'
    peerDependenciesMeta:
      typescript:
        optional: true
    dependencies:
      '@volar/language-core': 2.1.6
      '@vue/compiler-dom': 3.4.21
      '@vue/shared': 3.4.21
      computeds: 0.0.1
      minimatch: 9.0.3
      path-browserify: 1.0.1
      typescript: 5.4.3
      vue-template-compiler: 2.7.16
    dev: true

  /@vue/reactivity@3.4.21:
    resolution: {integrity: sha512-UhenImdc0L0/4ahGCyEzc/pZNwVgcglGy9HVzJ1Bq2Mm9qXOpP8RyNTjookw/gOCUlXSEtuZ2fUg5nrHcoqJcw==}
    dependencies:
      '@vue/shared': 3.4.21

  /@vue/runtime-core@3.4.21:
    resolution: {integrity: sha512-pQthsuYzE1XcGZznTKn73G0s14eCJcjaLvp3/DKeYWoFacD9glJoqlNBxt3W2c5S40t6CCcpPf+jG01N3ULyrA==}
    dependencies:
      '@vue/reactivity': 3.4.21
      '@vue/shared': 3.4.21

  /@vue/runtime-dom@3.4.21:
    resolution: {integrity: sha512-gvf+C9cFpevsQxbkRBS1NpU8CqxKw0ebqMvLwcGQrNpx6gqRDodqKqA+A2VZZpQ9RpK2f9yfg8VbW/EpdFUOJw==}
    dependencies:
      '@vue/runtime-core': 3.4.21
      '@vue/shared': 3.4.21
      csstype: 3.1.3

  /@vue/server-renderer@3.4.21(vue@3.4.21):
    resolution: {integrity: sha512-aV1gXyKSN6Rz+6kZ6kr5+Ll14YzmIbeuWe7ryJl5muJ4uwSwY/aStXTixx76TwkZFJLm1aAlA/HSWEJ4EyiMkg==}
    peerDependencies:
      vue: 3.4.21
    dependencies:
      '@vue/compiler-ssr': 3.4.21
      '@vue/shared': 3.4.21
      vue: 3.4.21(typescript@5.4.3)

  /@vue/shared@3.4.21:
    resolution: {integrity: sha512-PuJe7vDIi6VYSinuEbUIQgMIRZGgM8e4R+G+/dQTk0X1NEdvgvvgv7m+rfmDH1gZzyA1OjjoWskvHlfRNfQf3g==}

  /after@0.8.2:
    resolution: {integrity: sha512-QbJ0NTQ/I9DI3uSJA4cbexiwQeRAfjPScqIbSjUDd9TOrcg6pTkdgziesOqxBMBzit8vFCTwrP27t13vFOORRA==}
    dev: false

  /ant-design-vue@4.1.2(vue@3.4.21):
    resolution: {integrity: sha512-ynFkDJLlHgumeK6Hr1UZ7PvQNZ1uBcri/pmejBdS3kRqHeA5VRsxneYDwa8YxA+uYB5YfT2jpYsSHsiMiCjRGg==}
    engines: {node: '>=12.22.0'}
    peerDependencies:
      vue: '>=3.2.0'
    dependencies:
      '@ant-design/colors': 6.0.0
      '@ant-design/icons-vue': 7.0.1(vue@3.4.21)
      '@babel/runtime': 7.24.1
      '@ctrl/tinycolor': 3.6.1
      '@emotion/hash': 0.9.1
      '@emotion/unitless': 0.8.1
      '@simonwep/pickr': 1.8.2
      array-tree-filter: 2.1.0
      async-validator: 4.2.5
      csstype: 3.1.3
      dayjs: 1.11.10
      dom-align: 1.12.4
      dom-scroll-into-view: 2.0.1
      lodash: 4.17.21
      lodash-es: 4.17.21
      resize-observer-polyfill: 1.5.1
      scroll-into-view-if-needed: 2.2.31
      shallow-equal: 1.2.1
      stylis: 4.3.1
      throttle-debounce: 5.0.0
      vue: 3.4.21(typescript@5.4.3)
      vue-types: 3.0.2(vue@3.4.21)
      warning: 4.0.3
    dev: false

  /anymatch@3.1.3:
    resolution: {integrity: sha512-KMReFUr0B4t+D+OBkjR3KYqvocp2XaSzO55UcB6mgQMd3KbcE+mWTyvVV7D/zsdEbNnV6acZUutkiHQXvTr1Rw==}
    engines: {node: '>= 8'}
    dependencies:
      normalize-path: 3.0.0
      picomatch: 2.3.1
    dev: true

  /array-tree-filter@2.1.0:
    resolution: {integrity: sha512-4ROwICNlNw/Hqa9v+rk5h22KjmzB1JGTMVKP2AKJBOCgb0yL0ASf0+YvCcLNNwquOHNX48jkeZIJ3a+oOQqKcw==}
    dev: false

  /arraybuffer.slice@0.0.7:
    resolution: {integrity: sha512-wGUIVQXuehL5TCqQun8OW81jGzAWycqzFF8lFp+GOM5BXLYj3bKNsYC4daB7n6XjCqxQA/qgTJ+8ANR3acjrog==}
    dev: false

  /async-validator@4.2.5:
    resolution: {integrity: sha512-7HhHjtERjqlNbZtqNqy2rckN/SpOOlmDliet+lP7k+eKZEjPk3DgyeU9lIXLdeLz0uBbbVp+9Qdow9wJWgwwfg==}
    dev: false

  /backo2@1.0.2:
    resolution: {integrity: sha512-zj6Z6M7Eq+PBZ7PQxl5NT665MvJdAkzp0f60nAJ+sLaSCBPMwVak5ZegFbgVCzFcCJTKFoMizvM5Ld7+JrRJHA==}
    dev: false

  /balanced-match@1.0.2:
    resolution: {integrity: sha512-3oSeUO0TMV67hN1AmbXsK4yaqU7tjiHlbxRDZOpH0KW9+CeX4bRAaX0Anxt0tx2MrpRpWwQaPwIlISEJhYU5Pw==}
    dev: true

  /base64-arraybuffer@0.1.4:
    resolution: {integrity: sha512-a1eIFi4R9ySrbiMuyTGx5e92uRH5tQY6kArNcFaKBUleIoLjdjBg7Zxm3Mqm3Kmkf27HLR/1fnxX9q8GQ7Iavg==}
    engines: {node: '>= 0.6.0'}
    dev: false

  /binary-extensions@2.3.0:
    resolution: {integrity: sha512-Ceh+7ox5qe7LJuLHoY0feh3pHuUDHAcRUeyL2VYghZwfpkNIy/+8Ocg0a3UuSoYzavmylwuLWQOf3hl0jjMMIw==}
    engines: {node: '>=8'}
    dev: true

  /blob@0.0.5:
    resolution: {integrity: sha512-gaqbzQPqOoamawKg0LGVd7SzLgXS+JH61oWprSLH+P+abTczqJbhTR8CmJ2u9/bUYNmHTGJx/UEmn6doAvvuig==}
    dev: false

  /brace-expansion@2.0.1:
    resolution: {integrity: sha512-XnAIvQ8eM+kC6aULx6wuQiwVsnzsi9d3WxzV3FpWTGA19F621kwdbsAcFKXgKUHZWsy+mY6iL1sHTxWEFCytDA==}
    dependencies:
      balanced-match: 1.0.2
    dev: true

  /braces@3.0.2:
    resolution: {integrity: sha512-b8um+L1RzM3WDSzvhm6gIz1yfTbBt6YTlcEKAvsmqCZZFw46z626lVj9j1yEPW33H5H+lBQpZMP1k8l+78Ha0A==}
    engines: {node: '>=8'}
    dependencies:
      fill-range: 7.0.1
    dev: true

  /chokidar@3.6.0:
    resolution: {integrity: sha512-7VT13fmjotKpGipCW9JEQAusEPE+Ei8nl6/g4FBAmIm0GOOLMua9NDDo/DWp0ZAxCr3cPq5ZpBqmPAQgDda2Pw==}
    engines: {node: '>= 8.10.0'}
    dependencies:
      anymatch: 3.1.3
      braces: 3.0.2
      glob-parent: 5.1.2
      is-binary-path: 2.1.0
      is-glob: 4.0.3
      normalize-path: 3.0.0
      readdirp: 3.6.0
    optionalDependencies:
      fsevents: 2.3.3
    dev: true

  /component-bind@1.0.0:
    resolution: {integrity: sha512-WZveuKPeKAG9qY+FkYDeADzdHyTYdIboXS59ixDeRJL5ZhxpqUnxSOwop4FQjMsiYm3/Or8cegVbpAHNA7pHxw==}
    dev: false

  /component-emitter@1.3.1:
    resolution: {integrity: sha512-T0+barUSQRTUQASh8bx02dl+DhF54GtIDY13Y3m9oWTklKbb3Wv974meRpeZ3lp1JpLVECWWNHC4vaG2XHXouQ==}
    dev: false

  /component-inherit@0.0.3:
    resolution: {integrity: sha512-w+LhYREhatpVqTESyGFg3NlP6Iu0kEKUHETY9GoZP/pQyW4mHFZuFWRUCIqVPZ36ueVLtoOEZaAqbCF2RDndaA==}
    dev: false

  /compute-scroll-into-view@1.0.20:
    resolution: {integrity: sha512-UCB0ioiyj8CRjtrvaceBLqqhZCVP+1B8+NWQhmdsm0VXOJtobBCf1dBQmebCCo34qZmUwZfIH2MZLqNHazrfjg==}
    dev: false

  /computeds@0.0.1:
    resolution: {integrity: sha512-7CEBgcMjVmitjYo5q8JTJVra6X5mQ20uTThdK+0kR7UEaDrAWEQcRiBtWJzga4eRpP6afNwwLsX2SET2JhVB1Q==}
    dev: true

  /core-js@3.36.1:
    resolution: {integrity: sha512-BTvUrwxVBezj5SZ3f10ImnX2oRByMxql3EimVqMysepbC9EeMUOpLwdy6Eoili2x6E4kf+ZUB5k/+Jv55alPfA==}
    requiresBuild: true
    dev: false

  /csstype@3.1.3:
    resolution: {integrity: sha512-M1uQkMl8rQK/szD0LNhtqxIPLpimGm8sOBwU7lLnCpSbTyY3yeU1Vc7l4KT5zT4s/yOxHH5O7tIuuLOCnLADRw==}

  /dayjs@1.11.10:
    resolution: {integrity: sha512-vjAczensTgRcqDERK0SR2XMwsF/tSvnvlv6VcF2GIhg6Sx4yOIt/irsr1RDJsKiIyBzJDpCoXiWWq28MqH2cnQ==}
    dev: false

  /de-indent@1.0.2:
    resolution: {integrity: sha512-e/1zu3xH5MQryN2zdVaF0OrdNLUbvWxzMbi+iNA6Bky7l1RoP8a2fIbRocyHclXt/arDrrR6lL3TqFD9pMQTsg==}
    dev: true

  /debug@3.1.0:
    resolution: {integrity: sha512-OX8XqP7/1a9cqkxYw2yXss15f26NKWBpDXQd0/uK/KPqdQhxbPa994hnzjcE2VqQpDslf55723cKPUOGSmMY3g==}
    peerDependencies:
      supports-color: '*'
    peerDependenciesMeta:
      supports-color:
        optional: true
    dependencies:
      ms: 2.0.0
    dev: false

  /dom-align@1.12.4:
    resolution: {integrity: sha512-R8LUSEay/68zE5c8/3BDxiTEvgb4xZTF0RKmAHfiEVN3klfIpXfi2/QCoiWPccVQ0J/ZGdz9OjzL4uJEP/MRAw==}
    dev: false

  /dom-scroll-into-view@2.0.1:
    resolution: {integrity: sha512-bvVTQe1lfaUr1oFzZX80ce9KLDlZ3iU+XGNE/bz9HnGdklTieqsbmsLHe+rT2XWqopvL0PckkYqN7ksmm5pe3w==}
    dev: false

  /engine.io-client@3.5.3:
    resolution: {integrity: sha512-qsgyc/CEhJ6cgMUwxRRtOndGVhIu5hpL5tR4umSpmX/MvkFoIxUTM7oFMDQumHNzlNLwSVy6qhstFPoWTf7dOw==}
    dependencies:
      component-emitter: 1.3.1
      component-inherit: 0.0.3
      debug: 3.1.0
      engine.io-parser: 2.2.1
      has-cors: 1.1.0
      indexof: 0.0.1
      parseqs: 0.0.6
      parseuri: 0.0.6
      ws: 7.4.6
      xmlhttprequest-ssl: 1.6.3
      yeast: 0.1.2
    transitivePeerDependencies:
      - bufferutil
      - supports-color
      - utf-8-validate
    dev: false

  /engine.io-parser@2.2.1:
    resolution: {integrity: sha512-x+dN/fBH8Ro8TFwJ+rkB2AmuVw9Yu2mockR/p3W8f8YtExwFgDvBDi0GWyb4ZLkpahtDGZgtr3zLovanJghPqg==}
    dependencies:
      after: 0.8.2
      arraybuffer.slice: 0.0.7
      base64-arraybuffer: 0.1.4
      blob: 0.0.5
      has-binary2: 1.0.3
    dev: false

  /entities@4.5.0:
    resolution: {integrity: sha512-V0hjH4dGPh9Ao5p0MoRY6BVqtwCjhz6vI5LT8AJ55H+4g9/4vbHx1I54fS0XuclLhDHArPQCiMjDxjaL8fPxhw==}
    engines: {node: '>=0.12'}

  /esbuild@0.20.2:
    resolution: {integrity: sha512-WdOOppmUNU+IbZ0PaDiTst80zjnrOkyJNHoKupIcVyU8Lvla3Ugx94VzkQ32Ijqd7UhHJy75gNWDMUekcrSJ6g==}
    engines: {node: '>=12'}
    hasBin: true
    requiresBuild: true
    optionalDependencies:
      '@esbuild/aix-ppc64': 0.20.2
      '@esbuild/android-arm': 0.20.2
      '@esbuild/android-arm64': 0.20.2
      '@esbuild/android-x64': 0.20.2
      '@esbuild/darwin-arm64': 0.20.2
      '@esbuild/darwin-x64': 0.20.2
      '@esbuild/freebsd-arm64': 0.20.2
      '@esbuild/freebsd-x64': 0.20.2
      '@esbuild/linux-arm': 0.20.2
      '@esbuild/linux-arm64': 0.20.2
      '@esbuild/linux-ia32': 0.20.2
      '@esbuild/linux-loong64': 0.20.2
      '@esbuild/linux-mips64el': 0.20.2
      '@esbuild/linux-ppc64': 0.20.2
      '@esbuild/linux-riscv64': 0.20.2
      '@esbuild/linux-s390x': 0.20.2
      '@esbuild/linux-x64': 0.20.2
      '@esbuild/netbsd-x64': 0.20.2
      '@esbuild/openbsd-x64': 0.20.2
      '@esbuild/sunos-x64': 0.20.2
      '@esbuild/win32-arm64': 0.20.2
      '@esbuild/win32-ia32': 0.20.2
      '@esbuild/win32-x64': 0.20.2
    dev: true

  /estree-walker@2.0.2:
    resolution: {integrity: sha512-Rfkk/Mp/DL7JVje3u18FxFujQlTNR2q6QfMSMB7AvCBx91NGj/ba3kCfza0f6dVDbw7YlRf/nDrn7pQrCCyQ/w==}

  /fill-range@7.0.1:
    resolution: {integrity: sha512-qOo9F+dMUmC2Lcb4BbVvnKJxTPjCm+RRpe4gDuGrzkL7mEVl/djYSu2OdQ2Pa302N4oqkSg9ir6jaLWJ2USVpQ==}
    engines: {node: '>=8'}
    dependencies:
      to-regex-range: 5.0.1
    dev: true

  /fsevents@2.3.3:
    resolution: {integrity: sha512-5xoDfX+fL7faATnagmWPpbFtwh/R77WmMMqqHGS65C3vvB0YHrgF+B1YmZ3441tMj5n63k0212XNoJwzlhffQw==}
    engines: {node: ^8.16.0 || ^10.6.0 || >=11.0.0}
    os: [darwin]
    requiresBuild: true
    dev: true
    optional: true

  /glob-parent@5.1.2:
    resolution: {integrity: sha512-AOIgSQCepiJYwP3ARnGx+5VnTu2HBYdzbGP45eLw1vr3zB3vZLeyed1sC9hnbcOc9/SrMyM5RPQrkGz4aS9Zow==}
    engines: {node: '>= 6'}
    dependencies:
      is-glob: 4.0.3
    dev: true

  /has-binary2@1.0.3:
    resolution: {integrity: sha512-G1LWKhDSvhGeAQ8mPVQlqNcOB2sJdwATtZKl2pDKKHfpf/rYj24lkinxf69blJbnsvtqqNU+L3SL50vzZhXOnw==}
    dependencies:
      isarray: 2.0.1
    dev: false

  /has-cors@1.1.0:
    resolution: {integrity: sha512-g5VNKdkFuUuVCP9gYfDJHjK2nqdQJ7aDLTnycnc2+RvsOQbuLdF5pm7vuE5J76SEBIQjs4kQY/BWq74JUmjbXA==}
    dev: false

  /he@1.2.0:
    resolution: {integrity: sha512-F/1DnUGPopORZi0ni+CvrCgHQ5FyEAHRLSApuYWMmrbSwoN2Mn/7k+Gl38gJnR7yyDZk6WLXwiGod1JOWNDKGw==}
    hasBin: true
    dev: true

  /immutable@4.3.5:
    resolution: {integrity: sha512-8eabxkth9gZatlwl5TBuJnCsoTADlL6ftEr7A4qgdaTsPyreilDSnUk57SO+jfKcNtxPa22U5KK6DSeAYhpBJw==}
    dev: true

  /indexof@0.0.1:
    resolution: {integrity: sha512-i0G7hLJ1z0DE8dsqJa2rycj9dBmNKgXBvotXtZYXakU9oivfB9Uj2ZBC27qqef2U58/ZLwalxa1X/RDCdkHtVg==}
    dev: false

  /is-binary-path@2.1.0:
    resolution: {integrity: sha512-ZMERYes6pDydyuGidse7OsHxtbI7WVeUEozgR/g7rd0xUimYNlvZRE/K2MgZTjWy725IfelLeVcEM97mmtRGXw==}
    engines: {node: '>=8'}
    dependencies:
      binary-extensions: 2.3.0
    dev: true

  /is-extglob@2.1.1:
    resolution: {integrity: sha512-SbKbANkN603Vi4jEZv49LeVJMn4yGwsbzZworEoyEiutsN3nJYdbO36zfhGJ6QEDpOZIFkDtnq5JRxmvl3jsoQ==}
    engines: {node: '>=0.10.0'}
    dev: true

  /is-glob@4.0.3:
    resolution: {integrity: sha512-xelSayHH36ZgE7ZWhli7pW34hNbNl8Ojv5KVmkJD4hBdD3th8Tfk9vYasLM+mXWOZhFkgZfxhLSnrwRr4elSSg==}
    engines: {node: '>=0.10.0'}
    dependencies:
      is-extglob: 2.1.1
    dev: true

  /is-number@7.0.0:
    resolution: {integrity: sha512-41Cifkg6e8TylSpdtTpeLVMqvSBEVzTttHvERD741+pnZ8ANv0004MRL43QKPDlK9cGvNp6NZWZUBlbGXYxxng==}
    engines: {node: '>=0.12.0'}
    dev: true

  /is-plain-object@3.0.1:
    resolution: {integrity: sha512-Xnpx182SBMrr/aBik8y+GuR4U1L9FqMSojwDQwPMmxyC6bvEqly9UBCxhauBF5vNh2gwWJNX6oDV7O+OM4z34g==}
    engines: {node: '>=0.10.0'}
    dev: false

  /isarray@2.0.1:
    resolution: {integrity: sha512-c2cu3UxbI+b6kR3fy0nRnAhodsvR9dx7U5+znCOzdj6IfP3upFURTr0Xl5BlQZNKZjEtxrmVyfSdeE3O57smoQ==}
    dev: false

  /js-tokens@4.0.0:
    resolution: {integrity: sha512-RdJUflcE3cUzKiMqQgsCu06FPu9UdIJO0beYbPhHN4k6apgJtifcoCtT9bcxOpYBtpD2kCM6Sbzg4CausW/PKQ==}
    dev: false

  /lodash-es@4.17.21:
    resolution: {integrity: sha512-mKnC+QJ9pWVzv+C4/U3rRsHapFfHvQFoFB92e52xeyGMcX6/OlIl78je1u8vePzYZSkkogMPJ2yjxxsb89cxyw==}
    dev: false

  /lodash@4.17.21:
    resolution: {integrity: sha512-v2kDEe57lecTulaDIuNTPy3Ry4gLGJ6Z1O3vE1krgXZNrsQ+LFTGHVxVjcXPs17LhbZVGedAJv8XZ1tvj5FvSg==}
    dev: false

  /loose-envify@1.4.0:
    resolution: {integrity: sha512-lyuxPGr/Wfhrlem2CL/UcnUc1zcqKAImBDzukY7Y5F/yQiNdko6+fRLevlw1HgMySw7f611UIY408EtxRSoK3Q==}
    hasBin: true
    dependencies:
      js-tokens: 4.0.0
    dev: false

  /lru-cache@6.0.0:
    resolution: {integrity: sha512-Jo6dJ04CmSjuznwJSS3pUeWmd/H0ffTlkXXgwZi+eq1UCmqQwCh+eLsYOYCwY991i2Fah4h1BEMCx4qThGbsiA==}
    engines: {node: '>=10'}
    dependencies:
      yallist: 4.0.0
    dev: true

  /magic-string@0.30.8:
    resolution: {integrity: sha512-ISQTe55T2ao7XtlAStud6qwYPZjE4GK1S/BeVPus4jrq6JuOnQ00YKQC581RWhR122W7msZV263KzVeLoqidyQ==}
    engines: {node: '>=12'}
    dependencies:
      '@jridgewell/sourcemap-codec': 1.4.15

  /minimatch@9.0.3:
    resolution: {integrity: sha512-RHiac9mvaRw0x3AYRgDC1CxAP7HTcNrrECeA8YYJeWnpo+2Q5CegtZjaotWTWxDG3UeGA1coE05iH1mPjT/2mg==}
    engines: {node: '>=16 || 14 >=14.17'}
    dependencies:
      brace-expansion: 2.0.1
    dev: true

  /ms@2.0.0:
    resolution: {integrity: sha512-Tpp60P6IUJDTuOq/5Z8cdskzJujfwqfOTkrwIwj7IRISpnkJnT6SyJ4PCPnGMoFjC9ddhal5KVIYtAt97ix05A==}
    dev: false

  /muggle-string@0.4.1:
    resolution: {integrity: sha512-VNTrAak/KhO2i8dqqnqnAHOa3cYBwXEZe9h+D5h/1ZqFSTEFHdM65lR7RoIqq3tBBYavsOXV84NoHXZ0AkPyqQ==}
    dev: true

  /nanoid@3.3.7:
    resolution: {integrity: sha512-eSRppjcPIatRIMC1U6UngP8XFcz8MQWGQdt1MTBQ7NaAmvXDfvNxbvWV3x2y6CdEUciCSsDHDQZbhYaB8QEo2g==}
    engines: {node: ^10 || ^12 || ^13.7 || ^14 || >=15.0.1}
    hasBin: true

  /nanopop@2.4.2:
    resolution: {integrity: sha512-NzOgmMQ+elxxHeIha+OG/Pv3Oc3p4RU2aBhwWwAqDpXrdTbtRylbRLQztLy8dMMwfl6pclznBdfUhccEn9ZIzw==}
    dev: false

  /normalize-path@3.0.0:
    resolution: {integrity: sha512-6eZs5Ls3WtCisHWp9S2GUy8dqkpGi4BVSz3GaqiE6ezub0512ESztXUwUB6C6IKbQkY2Pnb/mD4WYojCRwcwLA==}
    engines: {node: '>=0.10.0'}
    dev: true

  /parseqs@0.0.6:
    resolution: {integrity: sha512-jeAGzMDbfSHHA091hr0r31eYfTig+29g3GKKE/PPbEQ65X0lmMwlEoqmhzu0iztID5uJpZsFlUPDP8ThPL7M8w==}
    dev: false

  /parseuri@0.0.6:
    resolution: {integrity: sha512-AUjen8sAkGgao7UyCX6Ahv0gIK2fABKmYjvP4xmy5JaKvcbTRueIqIPHLAfq30xJddqSE033IOMUSOMCcK3Sow==}
    dev: false

  /path-browserify@1.0.1:
    resolution: {integrity: sha512-b7uo2UCUOYZcnF/3ID0lulOJi/bafxa1xPe7ZPsammBSpjSWQkjNxlt635YGS2MiR9GjvuXCtz2emr3jbsz98g==}
    dev: true

  /picocolors@1.0.0:
    resolution: {integrity: sha512-1fygroTLlHu66zi26VoTDv8yRgm0Fccecssto+MhsZ0D/DGW2sm8E8AjW7NU5VVTRt5GxbeZ5qBuJr+HyLYkjQ==}

  /picomatch@2.3.1:
    resolution: {integrity: sha512-JU3teHTNjmE2VCGFzuY8EXzCDVwEqB2a8fsIvwaStHhAWJEeVd1o1QD80CU6+ZdEXXSLbSsuLwJjkCBWqRQUVA==}
    engines: {node: '>=8.6'}
    dev: true

  /postcss@8.4.38:
    resolution: {integrity: sha512-Wglpdk03BSfXkHoQa3b/oulrotAkwrlLDRSOb9D0bN86FdRyE9lppSp33aHNPgBa0JKCoB+drFLZkQoRRYae5A==}
    engines: {node: ^10 || ^12 || >=14}
    dependencies:
      nanoid: 3.3.7
      picocolors: 1.0.0
      source-map-js: 1.2.0

  /readdirp@3.6.0:
    resolution: {integrity: sha512-hOS089on8RduqdbhvQ5Z37A0ESjsqz6qnRcffsMU3495FuTdqSm+7bhJ29JvIOsBDEEnan5DPu9t3To9VRlMzA==}
    engines: {node: '>=8.10.0'}
    dependencies:
      picomatch: 2.3.1
    dev: true

  /regenerator-runtime@0.14.1:
    resolution: {integrity: sha512-dYnhHh0nJoMfnkZs6GmmhFknAGRrLznOu5nc9ML+EJxGvrx6H7teuevqVqCuPcPK//3eDrrjQhehXVx9cnkGdw==}
    dev: false

  /resize-observer-polyfill@1.5.1:
    resolution: {integrity: sha512-LwZrotdHOo12nQuZlHEmtuXdqGoOD0OhaxopaNFxWzInpEgaLWoVuAMbTzixuosCx2nEG58ngzW3vxdWoxIgdg==}
    dev: false

  /rollup@4.13.1:
    resolution: {integrity: sha512-hFi+fU132IvJ2ZuihN56dwgpltpmLZHZWsx27rMCTZ2sYwrqlgL5sECGy1eeV2lAihD8EzChBVVhsXci0wD4Tg==}
    engines: {node: '>=18.0.0', npm: '>=8.0.0'}
    hasBin: true
    dependencies:
      '@types/estree': 1.0.5
    optionalDependencies:
      '@rollup/rollup-android-arm-eabi': 4.13.1
      '@rollup/rollup-android-arm64': 4.13.1
      '@rollup/rollup-darwin-arm64': 4.13.1
      '@rollup/rollup-darwin-x64': 4.13.1
      '@rollup/rollup-linux-arm-gnueabihf': 4.13.1
      '@rollup/rollup-linux-arm64-gnu': 4.13.1
      '@rollup/rollup-linux-arm64-musl': 4.13.1
      '@rollup/rollup-linux-riscv64-gnu': 4.13.1
      '@rollup/rollup-linux-s390x-gnu': 4.13.1
      '@rollup/rollup-linux-x64-gnu': 4.13.1
      '@rollup/rollup-linux-x64-musl': 4.13.1
      '@rollup/rollup-win32-arm64-msvc': 4.13.1
      '@rollup/rollup-win32-ia32-msvc': 4.13.1
      '@rollup/rollup-win32-x64-msvc': 4.13.1
      fsevents: 2.3.3
    dev: true

  /sass@1.72.0:
    resolution: {integrity: sha512-Gpczt3WA56Ly0Mn8Sl21Vj94s1axi9hDIzDFn9Ph9x3C3p4nNyvsqJoQyVXKou6cBlfFWEgRW4rT8Tb4i3XnVA==}
    engines: {node: '>=14.0.0'}
    hasBin: true
    dependencies:
      chokidar: 3.6.0
      immutable: 4.3.5
      source-map-js: 1.2.0
    dev: true

  /scroll-into-view-if-needed@2.2.31:
    resolution: {integrity: sha512-dGCXy99wZQivjmjIqihaBQNjryrz5rueJY7eHfTdyWEiR4ttYpsajb14rn9s5d4DY4EcY6+4+U/maARBXJedkA==}
    dependencies:
      compute-scroll-into-view: 1.0.20
    dev: false

  /sdp@3.2.0:
    resolution: {integrity: sha512-d7wDPgDV3DDiqulJjKiV2865wKsJ34YI+NDREbm+FySq6WuKOikwyNQcm+doLAZ1O6ltdO0SeKle2xMpN3Brgw==}
    dev: false

  /semver@7.6.0:
    resolution: {integrity: sha512-EnwXhrlwXMk9gKu5/flx5sv/an57AkRplG3hTK68W7FRDN+k+OWBj65M7719OkA82XLBxrcX0KSHj+X5COhOVg==}
    engines: {node: '>=10'}
    hasBin: true
    dependencies:
      lru-cache: 6.0.0
    dev: true

  /shallow-equal@1.2.1:
    resolution: {integrity: sha512-S4vJDjHHMBaiZuT9NPb616CSmLf618jawtv3sufLl6ivK8WocjAo58cXwbRV1cgqxH0Qbv+iUt6m05eqEa2IRA==}
    dev: false

  /socket.io-client@2.5.0:
    resolution: {integrity: sha512-lOO9clmdgssDykiOmVQQitwBAF3I6mYcQAo7hQ7AM6Ny5X7fp8hIJ3HcQs3Rjz4SoggoxA1OgrQyY8EgTbcPYw==}
    dependencies:
      backo2: 1.0.2
      component-bind: 1.0.0
      component-emitter: 1.3.1
      debug: 3.1.0
      engine.io-client: 3.5.3
      has-binary2: 1.0.3
      indexof: 0.0.1
      parseqs: 0.0.6
      parseuri: 0.0.6
      socket.io-parser: 3.3.3
      to-array: 0.1.4
    transitivePeerDependencies:
      - bufferutil
      - supports-color
      - utf-8-validate
    dev: false

  /socket.io-parser@3.3.3:
    resolution: {integrity: sha512-qOg87q1PMWWTeO01768Yh9ogn7chB9zkKtQnya41Y355S0UmpXgpcrFwAgjYJxu9BdKug5r5e9YtVSeWhKBUZg==}
    dependencies:
      component-emitter: 1.3.1
      debug: 3.1.0
      isarray: 2.0.1
    transitivePeerDependencies:
      - supports-color
    dev: false

  /source-map-js@1.2.0:
    resolution: {integrity: sha512-itJW8lvSA0TXEphiRoawsCksnlf8SyvmFzIhltqAHluXd88pkCd+cXJVHTDwdCr0IzwptSm035IHQktUu1QUMg==}
    engines: {node: '>=0.10.0'}

  /stylis@4.3.1:
    resolution: {integrity: sha512-EQepAV+wMsIaGVGX1RECzgrcqRRU/0sYOHkeLsZ3fzHaHXZy4DaOOX0vOlGQdlsjkh3mFHAIlVimpwAs4dslyQ==}
    dev: false

  /throttle-debounce@5.0.0:
    resolution: {integrity: sha512-2iQTSgkkc1Zyk0MeVrt/3BvuOXYPl/R8Z0U2xxo9rjwNciaHDG3R+Lm6dh4EeUci49DanvBnuqI6jshoQQRGEg==}
    engines: {node: '>=12.22'}
    dev: false

  /to-array@0.1.4:
    resolution: {integrity: sha512-LhVdShQD/4Mk4zXNroIQZJC+Ap3zgLcDuwEdcmLv9CCO73NWockQDwyUnW/m8VX/EElfL6FcYx7EeutN4HJA6A==}
    dev: false

  /to-fast-properties@2.0.0:
    resolution: {integrity: sha512-/OaKK0xYrs3DmxRYqL/yDc+FxFUVYhDlXMhRmv3z915w2HF1tnN1omB354j8VUGO/hbRzyD6Y3sA7v7GS/ceog==}
    engines: {node: '>=4'}

  /to-regex-range@5.0.1:
    resolution: {integrity: sha512-65P7iz6X5yEr1cwcgvQxbbIw7Uk3gOy5dIdtZ4rDveLqhrdJP+Li/Hx6tyK0NEb+2GCyneCMJiGqrADCSNk8sQ==}
    engines: {node: '>=8.0'}
    dependencies:
      is-number: 7.0.0
    dev: true

  /typescript@5.4.3:
    resolution: {integrity: sha512-KrPd3PKaCLr78MalgiwJnA25Nm8HAmdwN3mYUYZgG/wizIo9EainNVQI9/yDavtVFRN2h3k8uf3GLHuhDMgEHg==}
    engines: {node: '>=14.17'}
    hasBin: true

  /vite@5.2.6(sass@1.72.0):
    resolution: {integrity: sha512-FPtnxFlSIKYjZ2eosBQamz4CbyrTizbZ3hnGJlh/wMtCrlp1Hah6AzBLjGI5I2urTfNnpovpHdrL6YRuBOPnCA==}
    engines: {node: ^18.0.0 || >=20.0.0}
    hasBin: true
    peerDependencies:
      '@types/node': ^18.0.0 || >=20.0.0
      less: '*'
      lightningcss: ^1.21.0
      sass: '*'
      stylus: '*'
      sugarss: '*'
      terser: ^5.4.0
    peerDependenciesMeta:
      '@types/node':
        optional: true
      less:
        optional: true
      lightningcss:
        optional: true
      sass:
        optional: true
      stylus:
        optional: true
      sugarss:
        optional: true
      terser:
        optional: true
    dependencies:
      esbuild: 0.20.2
      postcss: 8.4.38
      rollup: 4.13.1
      sass: 1.72.0
    optionalDependencies:
      fsevents: 2.3.3
    dev: true

  /vue-router@4.3.0(vue@3.4.21):
    resolution: {integrity: sha512-dqUcs8tUeG+ssgWhcPbjHvazML16Oga5w34uCUmsk7i0BcnskoLGwjpa15fqMr2Fa5JgVBrdL2MEgqz6XZ/6IQ==}
    peerDependencies:
      vue: ^3.2.0
    dependencies:
      '@vue/devtools-api': 6.6.1
      vue: 3.4.21(typescript@5.4.3)
    dev: false

  /vue-socket.io@3.0.10:
    resolution: {integrity: sha512-XGYjD30Q9xAeHpBnp2SU+ljEe59qpGKaAQe4VOO9ezuly09MlzrT2ZZPJu3BVFpQwKdjQDz1I2fV9r4YjlZDCA==}
    dependencies:
      socket.io-client: 2.5.0
    transitivePeerDependencies:
      - bufferutil
      - supports-color
      - utf-8-validate
    dev: false

  /vue-template-compiler@2.7.16:
    resolution: {integrity: sha512-AYbUWAJHLGGQM7+cNTELw+KsOG9nl2CnSv467WobS5Cv9uk3wFcnr1Etsz2sEIHEZvw1U+o9mRlEO6QbZvUPGQ==}
    dependencies:
      de-indent: 1.0.2
      he: 1.2.0
    dev: true

  /vue-tsc@2.0.7(typescript@5.4.3):
    resolution: {integrity: sha512-LYa0nInkfcDBB7y8jQ9FQ4riJTRNTdh98zK/hzt4gEpBZQmf30dPhP+odzCa+cedGz6B/guvJEd0BavZaRptjg==}
    hasBin: true
    peerDependencies:
      typescript: '*'
    dependencies:
      '@volar/typescript': 2.1.6
      '@vue/language-core': 2.0.7(typescript@5.4.3)
      semver: 7.6.0
      typescript: 5.4.3
    dev: true

  /vue-types@3.0.2(vue@3.4.21):
    resolution: {integrity: sha512-IwUC0Aq2zwaXqy74h4WCvFCUtoV0iSWr0snWnE9TnU18S66GAQyqQbRf2qfJtUuiFsBf6qp0MEwdonlwznlcrw==}
    engines: {node: '>=10.15.0'}
    peerDependencies:
      vue: ^3.0.0
    dependencies:
      is-plain-object: 3.0.1
      vue: 3.4.21(typescript@5.4.3)
    dev: false

  /vue@3.4.21(typescript@5.4.3):
    resolution: {integrity: sha512-5hjyV/jLEIKD/jYl4cavMcnzKwjMKohureP8ejn3hhEjwhWIhWeuzL2kJAjzl/WyVsgPY56Sy4Z40C3lVshxXA==}
    peerDependencies:
      typescript: '*'
    peerDependenciesMeta:
      typescript:
        optional: true
    dependencies:
      '@vue/compiler-dom': 3.4.21
      '@vue/compiler-sfc': 3.4.21
      '@vue/runtime-dom': 3.4.21
      '@vue/server-renderer': 3.4.21(vue@3.4.21)
      '@vue/shared': 3.4.21
      typescript: 5.4.3

  /warning@4.0.3:
    resolution: {integrity: sha512-rpJyN222KWIvHJ/F53XSZv0Zl/accqHR8et1kpaMTD/fLCRxtV8iX8czMzY7sVZupTI3zcUTg8eycS2kNF9l6w==}
    dependencies:
      loose-envify: 1.4.0
    dev: false

  /webrtc-adapter@9.0.0:
    resolution: {integrity: sha512-014MHB84akgUv4ZvFfLoD9xAqMDWsdwuVPhJ+kEj1JLdTSGzF4Av2m8ga9ZY5ncut8/AzRpZurQN+ILkor1x0Q==}
    engines: {node: '>=6.0.0', npm: '>=3.10.0'}
    dependencies:
      sdp: 3.2.0
    dev: false

  /ws@7.4.6:
    resolution: {integrity: sha512-YmhHDO4MzaDLB+M9ym/mDA5z0naX8j7SIlT8f8z+I0VtzsRbekxEutHSme7NPS2qE8StCYQNUnfWdXta/Yu85A==}
    engines: {node: '>=8.3.0'}
    peerDependencies:
      bufferutil: ^4.0.1
      utf-8-validate: ^5.0.2
    peerDependenciesMeta:
      bufferutil:
        optional: true
      utf-8-validate:
        optional: true
    dev: false

  /xmlhttprequest-ssl@1.6.3:
    resolution: {integrity: sha512-3XfeQE/wNkvrIktn2Kf0869fC0BN6UpydVasGIeSm2B1Llihf7/0UfZM+eCkOw3P7bP4+qPgqhm7ZoxuJtFU0Q==}
    engines: {node: '>=0.4.0'}
    dev: false

  /yallist@4.0.0:
    resolution: {integrity: sha512-3wdGidZyq5PB084XLES5TpOSRA3wjXAlIWMhum2kRcv/41Sn2emQ0dycQW4uZXLejwKvg6EsvbdlVL+FYEct7A==}
    dev: true

  /yeast@0.1.2:
    resolution: {integrity: sha512-8HFIh676uyGYP6wP13R/j6OJ/1HwJ46snpvzE7aHAN3Ryqh2yX6Xox2B4CUmTwwOIzlG3Bs7ocsP5dZH/R1Qbg==}
    dev: false
